
Microsoft Visual Studio Solution File, Format Version 12.00
# Visual Studio Version 17
VisualStudioVersion = 17.14.36414.22 d17.14
MinimumVisualStudioVersion = 10.0.40219.1
Project("{FAE04EC0-301F-11D3-BF4B-00C04F79EFBC}") = "elections", "elections.csproj", "{B2C155FE-3F31-4DB7-B6D3-E5A1C608341F}"
EndProject
Global
	GlobalSection(SolutionConfigurationPlatforms) = preSolution
		Debug|Any CPU = Debug|Any CPU
		Release|Any CPU = Release|Any CPU
	EndGlobalSection
	GlobalSection(ProjectConfigurationPlatforms) = postSolution
		{B2C155FE-3F31-4DB7-B6D3-E5A1C608341F}.Debug|Any CPU.ActiveCfg = Debug|Any CPU
		{B2C155FE-3F31-4DB7-B6D3-E5A1C608341F}.Debug|Any CPU.Build.0 = Debug|Any CPU
		{B2C155FE-3F31-4DB7-B6D3-E5A1C608341F}.Release|Any CPU.ActiveCfg = Release|Any CPU
		{B2C155FE-3F31-4DB7-B6D3-E5A1C608341F}.Release|Any CPU.Build.0 = Release|Any CPU
	EndGlobalSection
	GlobalSection(SolutionProperties) = preSolution
		HideSolutionNode = FALSE
	EndGlobalSection
	GlobalSection(ExtensibilityGlobals) = postSolution
		SolutionGuid = {AE4D5179-9AA1-45AA-AF28-D5A1AB5ACA6E}
	EndGlobalSection
EndGlobal
